
Microsoft Visual Studio Solution File, Format Version 12.00
# Visual Studio Version 17
VisualStudioVersion = 17.5.002.0
MinimumVisualStudioVersion = 10.0.40219.1
Project("{9A19103F-16F7-4668-BE54-9A1E7A4F7556}") = "Inmobiliaria2024", "Inmobiliaria2024.csproj", "{1C9573F8-2BE3-4DD0-8DCB-FC89429DD3B4}"
EndProject
Global
	GlobalSection(SolutionConfigurationPlatforms) = preSolution
		Debug|Any CPU = Debug|Any CPU
		Release|Any CPU = Release|Any CPU
	EndGlobalSection
	GlobalSection(ProjectConfigurationPlatforms) = postSolution
		{1C9573F8-2BE3-4DD0-8DCB-FC89429DD3B4}.Debug|Any CPU.ActiveCfg = Debug|Any CPU
		{1C9573F8-2BE3-4DD0-8DCB-FC89429DD3B4}.Debug|Any CPU.Build.0 = Debug|Any CPU
		{1C9573F8-2BE3-4DD0-8DCB-FC89429DD3B4}.Release|Any CPU.ActiveCfg = Release|Any CPU
		{1C9573F8-2BE3-4DD0-8DCB-FC89429DD3B4}.Release|Any CPU.Build.0 = Release|Any CPU
	EndGlobalSection
	GlobalSection(SolutionProperties) = preSolution
		HideSolutionNode = FALSE
	EndGlobalSection
	GlobalSection(ExtensibilityGlobals) = postSolution
		SolutionGuid = {262A924D-AAF8-4EF4-9B6C-0F4B08FDDE8C}
	EndGlobalSection
EndGlobal
